
Microsoft Visual Studio Solution File, Format Version 12.00
# Visual Studio Version 17
VisualStudioVersion = 17.14.36310.24 d17.14
MinimumVisualStudioVersion = 10.0.40219.1
Project("{8BC9CEB8-8B4A-11D0-8D11-00A0C91BC942}") = "Laba 2 Dinamika", "Laba 2 Dinamika.vcxproj", "{ACC9ACCF-B911-428A-803D-FB195E20FAEA}"
EndProject
Global
	GlobalSection(SolutionConfigurationPlatforms) = preSolution
		Debug|x64 = Debug|x64
		Debug|x86 = Debug|x86
		Release|x64 = Release|x64
		Release|x86 = Release|x86
	EndGlobalSection
	GlobalSection(ProjectConfigurationPlatforms) = postSolution
		{ACC9ACCF-B911-428A-803D-FB195E20FAEA}.Debug|x64.ActiveCfg = Debug|x64
		{ACC9ACCF-B911-428A-803D-FB195E20FAEA}.Debug|x64.Build.0 = Debug|x64
		{ACC9ACCF-B911-428A-803D-FB195E20FAEA}.Debug|x86.ActiveCfg = Debug|Win32
		{ACC9ACCF-B911-428A-803D-FB195E20FAEA}.Debug|x86.Build.0 = Debug|Win32
		{ACC9ACCF-B911-428A-803D-FB195E20FAEA}.Release|x64.ActiveCfg = Release|x64
		{ACC9ACCF-B911-428A-803D-FB195E20FAEA}.Release|x64.Build.0 = Release|x64
		{ACC9ACCF-B911-428A-803D-FB195E20FAEA}.Release|x86.ActiveCfg = Release|Win32
		{ACC9ACCF-B911-428A-803D-FB195E20FAEA}.Release|x86.Build.0 = Release|Win32
	EndGlobalSection
	GlobalSection(SolutionProperties) = preSolution
		HideSolutionNode = FALSE
	EndGlobalSection
	GlobalSection(ExtensibilityGlobals) = postSolution
		SolutionGuid = {B3DBCAF0-D5AD-4EF8-9016-3F2885FE66A4}
	EndGlobalSection
EndGlobal
